// !$*UTF8*$!
{
	archiveVersion = 1;
	classes = {
	};
	objectVersion = 46;
	objects = {

/* Begin PBXBuildFile section */
		03C818BD198DB3A4000087B7 /* AppDelegate.swift in Sources */ = {isa = PBXBuildFile; fileRef = 03C818BC198DB3A4000087B7 /* AppDelegate.swift */; };
		03C818BF198DB3A4000087B7 /* ViewController.swift in Sources */ = {isa = PBXBuildFile; fileRef = 03C818BE198DB3A4000087B7 /* ViewController.swift */; };
		03C818C2198DB3A4000087B7 /* Main.storyboard in Resources */ = {isa = PBXBuildFile; fileRef = 03C818C0198DB3A4000087B7 /* Main.storyboard */; };
		03C818C4198DB3A4000087B7 /* Images.xcassets in Resources */ = {isa = PBXBuildFile; fileRef = 03C818C3198DB3A4000087B7 /* Images.xcassets */; };
		03C818DB198DB4E3000087B7 /* HarmonicModel.swift in Sources */ = {isa = PBXBuildFile; fileRef = 03C818DA198DB4E3000087B7 /* HarmonicModel.swift */; };
		03C818DE198DB93C000087B7 /* UserModel.swift in Sources */ = {isa = PBXBuildFile; fileRef = 03C818DD198DB93C000087B7 /* UserModel.swift */; };
		03C818E0198DE54F000087B7 /* HarmonicModelCollection.swift in Sources */ = {isa = PBXBuildFile; fileRef = 03C818DF198DE54F000087B7 /* HarmonicModelCollection.swift */; };
		03C818E6198DF96A000087B7 /* TryCatch.m in Sources */ = {isa = PBXBuildFile; fileRef = 03C818E5198DF96A000087B7 /* TryCatch.m */; };
		03C818E9198E145B000087B7 /* InstantiateFromName.m in Sources */ = {isa = PBXBuildFile; fileRef = 03C818E8198E145B000087B7 /* InstantiateFromName.m */; };
		03C818EC198E21DA000087B7 /* HarmonicFormatter.swift in Sources */ = {isa = PBXBuildFile; fileRef = 03C818EB198E21DA000087B7 /* HarmonicFormatter.swift */; };
		03C81921198ED77F000087B7 /* HarmonicTests.swift in Sources */ = {isa = PBXBuildFile; fileRef = 03C818CF198DB3A4000087B7 /* HarmonicTests.swift */; };
		03C81923198ED81D000087B7 /* HarmonicModel.swift in Sources */ = {isa = PBXBuildFile; fileRef = 03C818DA198DB4E3000087B7 /* HarmonicModel.swift */; };
		03C81924198ED81D000087B7 /* HarmonicModelCollection.swift in Sources */ = {isa = PBXBuildFile; fileRef = 03C818DF198DE54F000087B7 /* HarmonicModelCollection.swift */; };
		03C81925198ED81D000087B7 /* HarmonicFormatter.swift in Sources */ = {isa = PBXBuildFile; fileRef = 03C818EB198E21DA000087B7 /* HarmonicFormatter.swift */; };
		03C81926198ED81D000087B7 /* TryCatch.m in Sources */ = {isa = PBXBuildFile; fileRef = 03C818E5198DF96A000087B7 /* TryCatch.m */; };
		03C81927198ED81D000087B7 /* InstantiateFromName.m in Sources */ = {isa = PBXBuildFile; fileRef = 03C818E8198E145B000087B7 /* InstantiateFromName.m */; };
		03C81928198EDC54000087B7 /* UserModel.swift in Sources */ = {isa = PBXBuildFile; fileRef = 03C818DD198DB93C000087B7 /* UserModel.swift */; };
		03C8192A198EDF48000087B7 /* HarmonicConfig.swift in Sources */ = {isa = PBXBuildFile; fileRef = 03C81929198EDF48000087B7 /* HarmonicConfig.swift */; };
		03C8192B198EDF48000087B7 /* HarmonicConfig.swift in Sources */ = {isa = PBXBuildFile; fileRef = 03C81929198EDF48000087B7 /* HarmonicConfig.swift */; };
		03F48C1A198EEEDF004FF458 /* AppDelegate.swift in Sources */ = {isa = PBXBuildFile; fileRef = 03C818BC198DB3A4000087B7 /* AppDelegate.swift */; };
		03F48C1C198F2B0B004FF458 /* BrokenUserModel.swift in Sources */ = {isa = PBXBuildFile; fileRef = 03F48C1B198F2B0B004FF458 /* BrokenUserModel.swift */; };
		03F48C1D198F2D8B004FF458 /* BrokenUserModel.swift in Sources */ = {isa = PBXBuildFile; fileRef = 03F48C1B198F2B0B004FF458 /* BrokenUserModel.swift */; };
/* End PBXBuildFile section */

/* Begin PBXContainerItemProxy section */
		03C818CA198DB3A4000087B7 /* PBXContainerItemProxy */ = {
			isa = PBXContainerItemProxy;
			containerPortal = 03C818AF198DB3A3000087B7 /* Project object */;
			proxyType = 1;
			remoteGlobalIDString = 03C818B6198DB3A4000087B7;
			remoteInfo = Harmonic;
		};
/* End PBXContainerItemProxy section */

/* Begin PBXFileReference section */
		03C818B7198DB3A4000087B7 /* Harmonic.app */ = {isa = PBXFileReference; explicitFileType = wrapper.application; includeInIndex = 0; path = Harmonic.app; sourceTree = BUILT_PRODUCTS_DIR; };
		03C818BB198DB3A4000087B7 /* Info.plist */ = {isa = PBXFileReference; lastKnownFileType = text.plist.xml; path = Info.plist; sourceTree = "<group>"; };
		03C818BC198DB3A4000087B7 /* AppDelegate.swift */ = {isa = PBXFileReference; lastKnownFileType = sourcecode.swift; path = AppDelegate.swift; sourceTree = "<group>"; };
		03C818BE198DB3A4000087B7 /* ViewController.swift */ = {isa = PBXFileReference; lastKnownFileType = sourcecode.swift; path = ViewController.swift; sourceTree = "<group>"; };
		03C818C1198DB3A4000087B7 /* Base */ = {isa = PBXFileReference; lastKnownFileType = file.storyboard; name = Base; path = Base.lproj/Main.storyboard; sourceTree = "<group>"; };
		03C818C3198DB3A4000087B7 /* Images.xcassets */ = {isa = PBXFileReference; lastKnownFileType = folder.assetcatalog; path = Images.xcassets; sourceTree = "<group>"; };
		03C818C9198DB3A4000087B7 /* HarmonicTests.xctest */ = {isa = PBXFileReference; explicitFileType = wrapper.cfbundle; includeInIndex = 0; path = HarmonicTests.xctest; sourceTree = BUILT_PRODUCTS_DIR; };
		03C818CE198DB3A4000087B7 /* Info.plist */ = {isa = PBXFileReference; lastKnownFileType = text.plist.xml; path = Info.plist; sourceTree = "<group>"; };
		03C818CF198DB3A4000087B7 /* HarmonicTests.swift */ = {isa = PBXFileReference; lastKnownFileType = sourcecode.swift; path = HarmonicTests.swift; sourceTree = "<group>"; };
		03C818DA198DB4E3000087B7 /* HarmonicModel.swift */ = {isa = PBXFileReference; fileEncoding = 4; lastKnownFileType = sourcecode.swift; path = HarmonicModel.swift; sourceTree = "<group>"; };
		03C818DD198DB93C000087B7 /* UserModel.swift */ = {isa = PBXFileReference; fileEncoding = 4; lastKnownFileType = sourcecode.swift; path = UserModel.swift; sourceTree = "<group>"; };
		03C818DF198DE54F000087B7 /* HarmonicModelCollection.swift */ = {isa = PBXFileReference; fileEncoding = 4; lastKnownFileType = sourcecode.swift; path = HarmonicModelCollection.swift; sourceTree = "<group>"; };
		03C818E1198DF809000087B7 /* Harmonic-Bridging-Header.h */ = {isa = PBXFileReference; lastKnownFileType = sourcecode.c.h; path = "Harmonic-Bridging-Header.h"; sourceTree = "<group>"; };
		03C818E5198DF96A000087B7 /* TryCatch.m */ = {isa = PBXFileReference; fileEncoding = 4; lastKnownFileType = sourcecode.c.objc; path = TryCatch.m; sourceTree = "<group>"; };
		03C818E7198DFA30000087B7 /* TryCatch.h */ = {isa = PBXFileReference; lastKnownFileType = sourcecode.c.h; path = TryCatch.h; sourceTree = "<group>"; };
		03C818E8198E145B000087B7 /* InstantiateFromName.m */ = {isa = PBXFileReference; fileEncoding = 4; lastKnownFileType = sourcecode.c.objc; path = InstantiateFromName.m; sourceTree = "<group>"; };
		03C818EA198E1469000087B7 /* InstantiateFromName.h */ = {isa = PBXFileReference; lastKnownFileType = sourcecode.c.h; path = InstantiateFromName.h; sourceTree = "<group>"; };
		03C818EB198E21DA000087B7 /* HarmonicFormatter.swift */ = {isa = PBXFileReference; fileEncoding = 4; lastKnownFileType = sourcecode.swift; path = HarmonicFormatter.swift; sourceTree = "<group>"; };
		03C81929198EDF48000087B7 /* HarmonicConfig.swift */ = {isa = PBXFileReference; fileEncoding = 4; lastKnownFileType = sourcecode.swift; path = HarmonicConfig.swift; sourceTree = "<group>"; };
		03F48C1B198F2B0B004FF458 /* BrokenUserModel.swift */ = {isa = PBXFileReference; fileEncoding = 4; lastKnownFileType = sourcecode.swift; path = BrokenUserModel.swift; sourceTree = "<group>"; };
/* End PBXFileReference section */

/* Begin PBXFrameworksBuildPhase section */
		03C818B4198DB3A4000087B7 /* Frameworks */ = {
			isa = PBXFrameworksBuildPhase;
			buildActionMask = 2147483647;
			files = (
			);
			runOnlyForDeploymentPostprocessing = 0;
		};
		03C818C6198DB3A4000087B7 /* Frameworks */ = {
			isa = PBXFrameworksBuildPhase;
			buildActionMask = 2147483647;
			files = (
			);
			runOnlyForDeploymentPostprocessing = 0;
		};
/* End PBXFrameworksBuildPhase section */

/* Begin PBXGroup section */
		03C818AE198DB3A3000087B7 = {
			isa = PBXGroup;
			children = (
				03C818D9198DB3D0000087B7 /* Classes */,
				03C818B9198DB3A4000087B7 /* Harmonic */,
				03C818CC198DB3A4000087B7 /* HarmonicTests */,
				03C818B8198DB3A4000087B7 /* Products */,
			);
			sourceTree = "<group>";
		};
		03C818B8198DB3A4000087B7 /* Products */ = {
			isa = PBXGroup;
			children = (
				03C818B7198DB3A4000087B7 /* Harmonic.app */,
				03C818C9198DB3A4000087B7 /* HarmonicTests.xctest */,
			);
			name = Products;
			sourceTree = "<group>";
		};
		03C818B9198DB3A4000087B7 /* Harmonic */ = {
			isa = PBXGroup;
			children = (
				03C818DC198DB92D000087B7 /* TestModels */,
				03C818BC198DB3A4000087B7 /* AppDelegate.swift */,
				03C818BE198DB3A4000087B7 /* ViewController.swift */,
				03C818C0198DB3A4000087B7 /* Main.storyboard */,
				03C818C3198DB3A4000087B7 /* Images.xcassets */,
				03C818BA198DB3A4000087B7 /* Supporting Files */,
			);
			path = Harmonic;
			sourceTree = "<group>";
		};
		03C818BA198DB3A4000087B7 /* Supporting Files */ = {
			isa = PBXGroup;
			children = (
				03C818BB198DB3A4000087B7 /* Info.plist */,
			);
			name = "Supporting Files";
			sourceTree = "<group>";
		};
		03C818CC198DB3A4000087B7 /* HarmonicTests */ = {
			isa = PBXGroup;
			children = (
				03C818CF198DB3A4000087B7 /* HarmonicTests.swift */,
				03C818CD198DB3A4000087B7 /* Supporting Files */,
			);
			path = HarmonicTests;
			sourceTree = "<group>";
		};
		03C818CD198DB3A4000087B7 /* Supporting Files */ = {
			isa = PBXGroup;
			children = (
				03C818CE198DB3A4000087B7 /* Info.plist */,
			);
			name = "Supporting Files";
			sourceTree = "<group>";
		};
		03C818D9198DB3D0000087B7 /* Classes */ = {
			isa = PBXGroup;
			children = (
				03C818DA198DB4E3000087B7 /* HarmonicModel.swift */,
				03C818DF198DE54F000087B7 /* HarmonicModelCollection.swift */,
				03C818EB198E21DA000087B7 /* HarmonicFormatter.swift */,
				03C81929198EDF48000087B7 /* HarmonicConfig.swift */,
				03C818E1198DF809000087B7 /* Harmonic-Bridging-Header.h */,
				03C818E7198DFA30000087B7 /* TryCatch.h */,
				03C818E5198DF96A000087B7 /* TryCatch.m */,
				03C818EA198E1469000087B7 /* InstantiateFromName.h */,
				03C818E8198E145B000087B7 /* InstantiateFromName.m */,
			);
			path = Classes;
			sourceTree = "<group>";
		};
		03C818DC198DB92D000087B7 /* TestModels */ = {
			isa = PBXGroup;
			children = (
				03C818DD198DB93C000087B7 /* UserModel.swift */,
				03F48C1B198F2B0B004FF458 /* BrokenUserModel.swift */,
			);
			name = TestModels;
			sourceTree = "<group>";
		};
/* End PBXGroup section */

/* Begin PBXNativeTarget section */
		03C818B6198DB3A4000087B7 /* Harmonic */ = {
			isa = PBXNativeTarget;
			buildConfigurationList = 03C818D3198DB3A4000087B7 /* Build configuration list for PBXNativeTarget "Harmonic" */;
			buildPhases = (
				03C818B3198DB3A4000087B7 /* Sources */,
				03C818B4198DB3A4000087B7 /* Frameworks */,
				03C818B5198DB3A4000087B7 /* Resources */,
			);
			buildRules = (
			);
			dependencies = (
			);
			name = Harmonic;
			productName = Harmonic;
			productReference = 03C818B7198DB3A4000087B7 /* Harmonic.app */;
			productType = "com.apple.product-type.application";
		};
		03C818C8198DB3A4000087B7 /* HarmonicTests */ = {
			isa = PBXNativeTarget;
			buildConfigurationList = 03C818D6198DB3A4000087B7 /* Build configuration list for PBXNativeTarget "HarmonicTests" */;
			buildPhases = (
				03C818C5198DB3A4000087B7 /* Sources */,
				03C818C6198DB3A4000087B7 /* Frameworks */,
				03C818C7198DB3A4000087B7 /* Resources */,
			);
			buildRules = (
			);
			dependencies = (
				03C818CB198DB3A4000087B7 /* PBXTargetDependency */,
			);
			name = HarmonicTests;
			productName = HarmonicTests;
			productReference = 03C818C9198DB3A4000087B7 /* HarmonicTests.xctest */;
			productType = "com.apple.product-type.bundle.unit-test";
		};
/* End PBXNativeTarget section */

/* Begin PBXProject section */
		03C818AF198DB3A3000087B7 /* Project object */ = {
			isa = PBXProject;
			attributes = {
				LastUpgradeCheck = 0600;
				ORGANIZATIONNAME = "Josh Holtz";
				TargetAttributes = {
					03C818B6198DB3A4000087B7 = {
						CreatedOnToolsVersion = 6.0;
					};
					03C818C8198DB3A4000087B7 = {
						CreatedOnToolsVersion = 6.0;
						TestTargetID = 03C818B6198DB3A4000087B7;
					};
				};
			};
			buildConfigurationList = 03C818B2198DB3A3000087B7 /* Build configuration list for PBXProject "Harmonic" */;
			compatibilityVersion = "Xcode 3.2";
			developmentRegion = English;
			hasScannedForEncodings = 0;
			knownRegions = (
				en,
				Base,
			);
			mainGroup = 03C818AE198DB3A3000087B7;
			productRefGroup = 03C818B8198DB3A4000087B7 /* Products */;
			projectDirPath = "";
			projectRoot = "";
			targets = (
				03C818B6198DB3A4000087B7 /* Harmonic */,
				03C818C8198DB3A4000087B7 /* HarmonicTests */,
			);
		};
/* End PBXProject section */

/* Begin PBXResourcesBuildPhase section */
		03C818B5198DB3A4000087B7 /* Resources */ = {
			isa = PBXResourcesBuildPhase;
			buildActionMask = 2147483647;
			files = (
				03C818C2198DB3A4000087B7 /* Main.storyboard in Resources */,
				03C818C4198DB3A4000087B7 /* Images.xcassets in Resources */,
			);
			runOnlyForDeploymentPostprocessing = 0;
		};
		03C818C7198DB3A4000087B7 /* Resources */ = {
			isa = PBXResourcesBuildPhase;
			buildActionMask = 2147483647;
			files = (
			);
			runOnlyForDeploymentPostprocessing = 0;
		};
/* End PBXResourcesBuildPhase section */

/* Begin PBXSourcesBuildPhase section */
		03C818B3198DB3A4000087B7 /* Sources */ = {
			isa = PBXSourcesBuildPhase;
			buildActionMask = 2147483647;
			files = (
				03C818DB198DB4E3000087B7 /* HarmonicModel.swift in Sources */,
				03C818BF198DB3A4000087B7 /* ViewController.swift in Sources */,
				03F48C1C198F2B0B004FF458 /* BrokenUserModel.swift in Sources */,
				03C818E9198E145B000087B7 /* InstantiateFromName.m in Sources */,
				03C818DE198DB93C000087B7 /* UserModel.swift in Sources */,
				03C818BD198DB3A4000087B7 /* AppDelegate.swift in Sources */,
				03C818E0198DE54F000087B7 /* HarmonicModelCollection.swift in Sources */,
				03C818E6198DF96A000087B7 /* TryCatch.m in Sources */,
				03C818EC198E21DA000087B7 /* HarmonicFormatter.swift in Sources */,
				03C8192A198EDF48000087B7 /* HarmonicConfig.swift in Sources */,
			);
			runOnlyForDeploymentPostprocessing = 0;
		};
		03C818C5198DB3A4000087B7 /* Sources */ = {
			isa = PBXSourcesBuildPhase;
			buildActionMask = 2147483647;
			files = (
				03C81923198ED81D000087B7 /* HarmonicModel.swift in Sources */,
				03C81928198EDC54000087B7 /* UserModel.swift in Sources */,
				03C81927198ED81D000087B7 /* InstantiateFromName.m in Sources */,
				03F48C1A198EEEDF004FF458 /* AppDelegate.swift in Sources */,
				03C81925198ED81D000087B7 /* HarmonicFormatter.swift in Sources */,
				03C81924198ED81D000087B7 /* HarmonicModelCollection.swift in Sources */,
				03C81921198ED77F000087B7 /* HarmonicTests.swift in Sources */,
				03F48C1D198F2D8B004FF458 /* BrokenUserModel.swift in Sources */,
				03C8192B198EDF48000087B7 /* HarmonicConfig.swift in Sources */,
				03C81926198ED81D000087B7 /* TryCatch.m in Sources */,
			);
			runOnlyForDeploymentPostprocessing = 0;
		};
/* End PBXSourcesBuildPhase section */

/* Begin PBXTargetDependency section */
		03C818CB198DB3A4000087B7 /* PBXTargetDependency */ = {
			isa = PBXTargetDependency;
			target = 03C818B6198DB3A4000087B7 /* Harmonic */;
			targetProxy = 03C818CA198DB3A4000087B7 /* PBXContainerItemProxy */;
		};
/* End PBXTargetDependency section */

/* Begin PBXVariantGroup section */
		03C818C0198DB3A4000087B7 /* Main.storyboard */ = {
			isa = PBXVariantGroup;
			children = (
				03C818C1198DB3A4000087B7 /* Base */,
			);
			name = Main.storyboard;
			sourceTree = "<group>";
		};
/* End PBXVariantGroup section */

/* Begin XCBuildConfiguration section */
		03C818D1198DB3A4000087B7 /* Debug */ = {
			isa = XCBuildConfiguration;
			buildSettings = {
				ALWAYS_SEARCH_USER_PATHS = NO;
				CLANG_CXX_LANGUAGE_STANDARD = "gnu++0x";
				CLANG_CXX_LIBRARY = "libc++";
				CLANG_ENABLE_MODULES = YES;
				CLANG_ENABLE_OBJC_ARC = YES;
				CLANG_WARN_BOOL_CONVERSION = YES;
				CLANG_WARN_CONSTANT_CONVERSION = YES;
				CLANG_WARN_DIRECT_OBJC_ISA_USAGE = YES_ERROR;
				CLANG_WARN_EMPTY_BODY = YES;
				CLANG_WARN_ENUM_CONVERSION = YES;
				CLANG_WARN_INT_CONVERSION = YES;
				CLANG_WARN_OBJC_ROOT_CLASS = YES_ERROR;
				CLANG_WARN_UNREACHABLE_CODE = YES;
				CLANG_WARN__DUPLICATE_METHOD_MATCH = YES;
				"CODE_SIGN_IDENTITY[sdk=iphoneos*]" = "iPhone Developer";
				COPY_PHASE_STRIP = NO;
				ENABLE_STRICT_OBJC_MSGSEND = YES;
				GCC_C_LANGUAGE_STANDARD = gnu99;
				GCC_DYNAMIC_NO_PIC = NO;
				GCC_OPTIMIZATION_LEVEL = 0;
				GCC_PREPROCESSOR_DEFINITIONS = (
					"DEBUG=1",
					"$(inherited)",
				);
				GCC_SYMBOLS_PRIVATE_EXTERN = NO;
				GCC_WARN_64_TO_32_BIT_CONVERSION = YES;
				GCC_WARN_ABOUT_RETURN_TYPE = YES_ERROR;
				GCC_WARN_UNDECLARED_SELECTOR = YES;
				GCC_WARN_UNINITIALIZED_AUTOS = YES_AGGRESSIVE;
				GCC_WARN_UNUSED_FUNCTION = YES;
				GCC_WARN_UNUSED_VARIABLE = YES;
				IPHONEOS_DEPLOYMENT_TARGET = 8.0;
				MTL_ENABLE_DEBUG_INFO = YES;
				ONLY_ACTIVE_ARCH = YES;
				SDKROOT = iphoneos;
				SWIFT_OPTIMIZATION_LEVEL = "-Onone";
				TARGETED_DEVICE_FAMILY = "1,2";
			};
			name = Debug;
		};
		03C818D2198DB3A4000087B7 /* Release */ = {
			isa = XCBuildConfiguration;
			buildSettings = {
				ALWAYS_SEARCH_USER_PATHS = NO;
				CLANG_CXX_LANGUAGE_STANDARD = "gnu++0x";
				CLANG_CXX_LIBRARY = "libc++";
				CLANG_ENABLE_MODULES = YES;
				CLANG_ENABLE_OBJC_ARC = YES;
				CLANG_WARN_BOOL_CONVERSION = YES;
				CLANG_WARN_CONSTANT_CONVERSION = YES;
				CLANG_WARN_DIRECT_OBJC_ISA_USAGE = YES_ERROR;
				CLANG_WARN_EMPTY_BODY = YES;
				CLANG_WARN_ENUM_CONVERSION = YES;
				CLANG_WARN_INT_CONVERSION = YES;
				CLANG_WARN_OBJC_ROOT_CLASS = YES_ERROR;
				CLANG_WARN_UNREACHABLE_CODE = YES;
				CLANG_WARN__DUPLICATE_METHOD_MATCH = YES;
				"CODE_SIGN_IDENTITY[sdk=iphoneos*]" = "iPhone Developer";
				COPY_PHASE_STRIP = YES;
				ENABLE_NS_ASSERTIONS = NO;
				ENABLE_STRICT_OBJC_MSGSEND = YES;
				GCC_C_LANGUAGE_STANDARD = gnu99;
				GCC_WARN_64_TO_32_BIT_CONVERSION = YES;
				GCC_WARN_ABOUT_RETURN_TYPE = YES_ERROR;
				GCC_WARN_UNDECLARED_SELECTOR = YES;
				GCC_WARN_UNINITIALIZED_AUTOS = YES_AGGRESSIVE;
				GCC_WARN_UNUSED_FUNCTION = YES;
				GCC_WARN_UNUSED_VARIABLE = YES;
				IPHONEOS_DEPLOYMENT_TARGET = 8.0;
				MTL_ENABLE_DEBUG_INFO = NO;
				SDKROOT = iphoneos;
				TARGETED_DEVICE_FAMILY = "1,2";
				VALIDATE_PRODUCT = YES;
			};
			name = Release;
		};
		03C818D4198DB3A4000087B7 /* Debug */ = {
			isa = XCBuildConfiguration;
			buildSettings = {
				ASSETCATALOG_COMPILER_APPICON_NAME = AppIcon;
				ASSETCATALOG_COMPILER_LAUNCHIMAGE_NAME = LaunchImage;
				CLANG_ENABLE_MODULES = YES;
				INFOPLIST_FILE = Harmonic/Info.plist;
				LD_RUNPATH_SEARCH_PATHS = "$(inherited) @executable_path/Frameworks";
				PRODUCT_NAME = "$(TARGET_NAME)";
				SWIFT_OBJC_BRIDGING_HEADER = "Classes/Harmonic-Bridging-Header.h";
				SWIFT_OPTIMIZATION_LEVEL = "-Onone";
			};
			name = Debug;
		};
		03C818D5198DB3A4000087B7 /* Release */ = {
			isa = XCBuildConfiguration;
			buildSettings = {
				ASSETCATALOG_COMPILER_APPICON_NAME = AppIcon;
				ASSETCATALOG_COMPILER_LAUNCHIMAGE_NAME = LaunchImage;
				CLANG_ENABLE_MODULES = YES;
				INFOPLIST_FILE = Harmonic/Info.plist;
				LD_RUNPATH_SEARCH_PATHS = "$(inherited) @executable_path/Frameworks";
				PRODUCT_NAME = "$(TARGET_NAME)";
				SWIFT_OBJC_BRIDGING_HEADER = "Classes/Harmonic-Bridging-Header.h";
			};
			name = Release;
		};
		03C818D7198DB3A4000087B7 /* Debug */ = {
			isa = XCBuildConfiguration;
			buildSettings = {
				BUNDLE_LOADER = "$(BUILT_PRODUCTS_DIR)/Harmonic.app/Harmonic";
				FRAMEWORK_SEARCH_PATHS = (
					"$(SDKROOT)/Developer/Library/Frameworks",
					"$(inherited)",
				);
				GCC_PREPROCESSOR_DEFINITIONS = (
					"DEBUG=1",
					"$(inherited)",
				);
				INFOPLIST_FILE = HarmonicTests/Info.plist;
				LD_RUNPATH_SEARCH_PATHS = "$(inherited) @executable_path/Frameworks @loader_path/Frameworks";
				PRODUCT_NAME = "$(TARGET_NAME)";
				SWIFT_OBJC_BRIDGING_HEADER = "Classes/Harmonic-Bridging-Header.h";
				TEST_HOST = "$(BUNDLE_LOADER)";
			};
			name = Debug;
		};
		03C818D8198DB3A4000087B7 /* Release */ = {
			isa = XCBuildConfiguration;
			buildSettings = {
				BUNDLE_LOADER = "$(BUILT_PRODUCTS_DIR)/Harmonic.app/Harmonic";
				FRAMEWORK_SEARCH_PATHS = (
					"$(SDKROOT)/Developer/Library/Frameworks",
					"$(inherited)",
				);
				INFOPLIST_FILE = HarmonicTests/Info.plist;
				LD_RUNPATH_SEARCH_PATHS = "$(inherited) @executable_path/Frameworks @loader_path/Frameworks";
				PRODUCT_NAME = "$(TARGET_NAME)";
				SWIFT_OBJC_BRIDGING_HEADER = "Classes/Harmonic-Bridging-Header.h";
				TEST_HOST = "$(BUNDLE_LOADER)";
			};
			name = Release;
		};
/* End XCBuildConfiguration section */

/* Begin XCConfigurationList section */
		03C818B2198DB3A3000087B7 /* Build configuration list for PBXProject "Harmonic" */ = {
			isa = XCConfigurationList;
			buildConfigurations = (
				03C818D1198DB3A4000087B7 /* Debug */,
				03C818D2198DB3A4000087B7 /* Release */,
			);
			defaultConfigurationIsVisible = 0;
			defaultConfigurationName = Release;
		};
		03C818D3198DB3A4000087B7 /* Build configuration list for PBXNativeTarget "Harmonic" */ = {
			isa = XCConfigurationList;
			buildConfigurations = (
				03C818D4198DB3A4000087B7 /* Debug */,
				03C818D5198DB3A4000087B7 /* Release */,
			);
			defaultConfigurationIsVisible = 0;
			defaultConfigurationName = Release;
		};
		03C818D6198DB3A4000087B7 /* Build configuration list for PBXNativeTarget "HarmonicTests" */ = {
			isa = XCConfigurationList;
			buildConfigurations = (
				03C818D7198DB3A4000087B7 /* Debug */,
				03C818D8198DB3A4000087B7 /* Release */,
			);
			defaultConfigurationIsVisible = 0;
			defaultConfigurationName = Release;
		};
/* End XCConfigurationList section */
	};
	rootObject = 03C818AF198DB3A3000087B7 /* Project object */;
}
